
Microsoft Visual Studio Solution File, Format Version 12.00
# Visual Studio Version 17
VisualStudioVersion = 17.10.35004.147
MinimumVisualStudioVersion = 10.0.40219.1
Project("{FAE04EC0-301F-11D3-BF4B-00C04F79EFBC}") = "Fibonacci", "Fibonacci\Fibonacci.csproj", "{A1DD8107-78CF-4671-B2F4-6DEC8BE98090}"
EndProject
Global
	GlobalSection(SolutionConfigurationPlatforms) = preSolution
		Debug|Any CPU = Debug|Any CPU
		Release|Any CPU = Release|Any CPU
	EndGlobalSection
	GlobalSection(ProjectConfigurationPlatforms) = postSolution
		{A1DD8107-78CF-4671-B2F4-6DEC8BE98090}.Debug|Any CPU.ActiveCfg = Debug|Any CPU
		{A1DD8107-78CF-4671-B2F4-6DEC8BE98090}.Debug|Any CPU.Build.0 = Debug|Any CPU
		{A1DD8107-78CF-4671-B2F4-6DEC8BE98090}.Release|Any CPU.ActiveCfg = Release|Any CPU
		{A1DD8107-78CF-4671-B2F4-6DEC8BE98090}.Release|Any CPU.Build.0 = Release|Any CPU
	EndGlobalSection
	GlobalSection(SolutionProperties) = preSolution
		HideSolutionNode = FALSE
	EndGlobalSection
	GlobalSection(ExtensibilityGlobals) = postSolution
		SolutionGuid = {22A77ABD-E3FA-427E-BFDE-75D6CE04EF22}
	EndGlobalSection
EndGlobal
